// !$*UTF8*$!
{
	archiveVersion = 1;
	classes = {
	};
	objectVersion = 50;
	objects = {

/* Begin PBXBuildFile section */
		022E9FD32208DAE4003245FC /* AppDelegate.swift in Sources */ = {isa = PBXBuildFile; fileRef = 022E9FD22208DAE4003245FC /* AppDelegate.swift */; };
		022E9FD82208DAE4003245FC /* Main.storyboard in Resources */ = {isa = PBXBuildFile; fileRef = 022E9FD62208DAE4003245FC /* Main.storyboard */; };
		022E9FDA2208DAE6003245FC /* Assets.xcassets in Resources */ = {isa = PBXBuildFile; fileRef = 022E9FD92208DAE6003245FC /* Assets.xcassets */; };
		022E9FDD2208DAE6003245FC /* LaunchScreen.storyboard in Resources */ = {isa = PBXBuildFile; fileRef = 022E9FDB2208DAE6003245FC /* LaunchScreen.storyboard */; };
		022E9FE82208DAE6003245FC /* FlixterTests.swift in Sources */ = {isa = PBXBuildFile; fileRef = 022E9FE72208DAE6003245FC /* FlixterTests.swift */; };
		022E9FF32208DAE6003245FC /* FlixterUITests.swift in Sources */ = {isa = PBXBuildFile; fileRef = 022E9FF22208DAE6003245FC /* FlixterUITests.swift */; };
		022EA0012208DCB1003245FC /* MoviesViewController.swift in Sources */ = {isa = PBXBuildFile; fileRef = 022EA0002208DCB1003245FC /* MoviesViewController.swift */; };
		022EA0032208E40E003245FC /* MovieCell.swift in Sources */ = {isa = PBXBuildFile; fileRef = 022EA0022208E40E003245FC /* MovieCell.swift */; };
/* End PBXBuildFile section */

/* Begin PBXContainerItemProxy section */
		022E9FE42208DAE6003245FC /* PBXContainerItemProxy */ = {
			isa = PBXContainerItemProxy;
			containerPortal = 022E9FC72208DAE4003245FC /* Project object */;
			proxyType = 1;
			remoteGlobalIDString = 022E9FCE2208DAE4003245FC;
			remoteInfo = Flixter;
		};
		022E9FEF2208DAE6003245FC /* PBXContainerItemProxy */ = {
			isa = PBXContainerItemProxy;
			containerPortal = 022E9FC72208DAE4003245FC /* Project object */;
			proxyType = 1;
			remoteGlobalIDString = 022E9FCE2208DAE4003245FC;
			remoteInfo = Flixter;
		};
/* End PBXContainerItemProxy section */

/* Begin PBXFileReference section */
		022E9FCF2208DAE4003245FC /* Flixter.app */ = {isa = PBXFileReference; explicitFileType = wrapper.application; includeInIndex = 0; path = Flixter.app; sourceTree = BUILT_PRODUCTS_DIR; };
		022E9FD22208DAE4003245FC /* AppDelegate.swift */ = {isa = PBXFileReference; lastKnownFileType = sourcecode.swift; path = AppDelegate.swift; sourceTree = "<group>"; };
		022E9FD72208DAE4003245FC /* Base */ = {isa = PBXFileReference; lastKnownFileType = file.storyboard; name = Base; path = Base.lproj/Main.storyboard; sourceTree = "<group>"; };
		022E9FD92208DAE6003245FC /* Assets.xcassets */ = {isa = PBXFileReference; lastKnownFileType = folder.assetcatalog; path = Assets.xcassets; sourceTree = "<group>"; };
		022E9FDC2208DAE6003245FC /* Base */ = {isa = PBXFileReference; lastKnownFileType = file.storyboard; name = Base; path = Base.lproj/LaunchScreen.storyboard; sourceTree = "<group>"; };
		022E9FDE2208DAE6003245FC /* Info.plist */ = {isa = PBXFileReference; lastKnownFileType = text.plist.xml; path = Info.plist; sourceTree = "<group>"; };
		022E9FE32208DAE6003245FC /* FlixterTests.xctest */ = {isa = PBXFileReference; explicitFileType = wrapper.cfbundle; includeInIndex = 0; path = FlixterTests.xctest; sourceTree = BUILT_PRODUCTS_DIR; };
		022E9FE72208DAE6003245FC /* FlixterTests.swift */ = {isa = PBXFileReference; lastKnownFileType = sourcecode.swift; path = FlixterTests.swift; sourceTree = "<group>"; };
		022E9FE92208DAE6003245FC /* Info.plist */ = {isa = PBXFileReference; lastKnownFileType = text.plist.xml; path = Info.plist; sourceTree = "<group>"; };
		022E9FEE2208DAE6003245FC /* FlixterUITests.xctest */ = {isa = PBXFileReference; explicitFileType = wrapper.cfbundle; includeInIndex = 0; path = FlixterUITests.xctest; sourceTree = BUILT_PRODUCTS_DIR; };
		022E9FF22208DAE6003245FC /* FlixterUITests.swift */ = {isa = PBXFileReference; lastKnownFileType = sourcecode.swift; path = FlixterUITests.swift; sourceTree = "<group>"; };
		022E9FF42208DAE6003245FC /* Info.plist */ = {isa = PBXFileReference; lastKnownFileType = text.plist.xml; path = Info.plist; sourceTree = "<group>"; };
		022EA0002208DCB1003245FC /* MoviesViewController.swift */ = {isa = PBXFileReference; lastKnownFileType = sourcecode.swift; path = MoviesViewController.swift; sourceTree = "<group>"; };
		022EA0022208E40E003245FC /* MovieCell.swift */ = {isa = PBXFileReference; lastKnownFileType = sourcecode.swift; path = MovieCell.swift; sourceTree = "<group>"; };
/* End PBXFileReference section */

/* Begin PBXFrameworksBuildPhase section */
		022E9FCC2208DAE4003245FC /* Frameworks */ = {
			isa = PBXFrameworksBuildPhase;
			buildActionMask = 2147483647;
			files = (
			);
			runOnlyForDeploymentPostprocessing = 0;
		};
		022E9FE02208DAE6003245FC /* Frameworks */ = {
			isa = PBXFrameworksBuildPhase;
			buildActionMask = 2147483647;
			files = (
			);
			runOnlyForDeploymentPostprocessing = 0;
		};
		022E9FEB2208DAE6003245FC /* Frameworks */ = {
			isa = PBXFrameworksBuildPhase;
			buildActionMask = 2147483647;
			files = (
			);
			runOnlyForDeploymentPostprocessing = 0;
		};
/* End PBXFrameworksBuildPhase section */

/* Begin PBXGroup section */
		022E9FC62208DAE4003245FC = {
			isa = PBXGroup;
			children = (
				022E9FD12208DAE4003245FC /* Flixter */,
				022E9FE62208DAE6003245FC /* FlixterTests */,
				022E9FF12208DAE6003245FC /* FlixterUITests */,
				022E9FD02208DAE4003245FC /* Products */,
			);
			sourceTree = "<group>";
		};
		022E9FD02208DAE4003245FC /* Products */ = {
			isa = PBXGroup;
			children = (
				022E9FCF2208DAE4003245FC /* Flixter.app */,
				022E9FE32208DAE6003245FC /* FlixterTests.xctest */,
				022E9FEE2208DAE6003245FC /* FlixterUITests.xctest */,
			);
			name = Products;
			sourceTree = "<group>";
		};
		022E9FD12208DAE4003245FC /* Flixter */ = {
			isa = PBXGroup;
			children = (
				022E9FD22208DAE4003245FC /* AppDelegate.swift */,
				022E9FD62208DAE4003245FC /* Main.storyboard */,
				022E9FD92208DAE6003245FC /* Assets.xcassets */,
				022E9FDB2208DAE6003245FC /* LaunchScreen.storyboard */,
				022E9FDE2208DAE6003245FC /* Info.plist */,
				022EA0002208DCB1003245FC /* MoviesViewController.swift */,
				022EA0022208E40E003245FC /* MovieCell.swift */,
			);
			path = Flixter;
			sourceTree = "<group>";
		};
		022E9FE62208DAE6003245FC /* FlixterTests */ = {
			isa = PBXGroup;
			children = (
				022E9FE72208DAE6003245FC /* FlixterTests.swift */,
				022E9FE92208DAE6003245FC /* Info.plist */,
			);
			path = FlixterTests;
			sourceTree = "<group>";
		};
		022E9FF12208DAE6003245FC /* FlixterUITests */ = {
			isa = PBXGroup;
			children = (
				022E9FF22208DAE6003245FC /* FlixterUITests.swift */,
				022E9FF42208DAE6003245FC /* Info.plist */,
			);
			path = FlixterUITests;
			sourceTree = "<group>";
		};
/* End PBXGroup section */

/* Begin PBXNativeTarget section */
		022E9FCE2208DAE4003245FC /* Flixter */ = {
			isa = PBXNativeTarget;
			buildConfigurationList = 022E9FF72208DAE6003245FC /* Build configuration list for PBXNativeTarget "Flixter" */;
			buildPhases = (
				022E9FCB2208DAE4003245FC /* Sources */,
				022E9FCC2208DAE4003245FC /* Frameworks */,
				022E9FCD2208DAE4003245FC /* Resources */,
			);
			buildRules = (
			);
			dependencies = (
			);
			name = Flixter;
			productName = Flixter;
			productReference = 022E9FCF2208DAE4003245FC /* Flixter.app */;
			productType = "com.apple.product-type.application";
		};
		022E9FE22208DAE6003245FC /* FlixterTests */ = {
			isa = PBXNativeTarget;
			buildConfigurationList = 022E9FFA2208DAE6003245FC /* Build configuration list for PBXNativeTarget "FlixterTests" */;
			buildPhases = (
				022E9FDF2208DAE6003245FC /* Sources */,
				022E9FE02208DAE6003245FC /* Frameworks */,
				022E9FE12208DAE6003245FC /* Resources */,
			);
			buildRules = (
			);
			dependencies = (
				022E9FE52208DAE6003245FC /* PBXTargetDependency */,
			);
			name = FlixterTests;
			productName = FlixterTests;
			productReference = 022E9FE32208DAE6003245FC /* FlixterTests.xctest */;
			productType = "com.apple.product-type.bundle.unit-test";
		};
		022E9FED2208DAE6003245FC /* FlixterUITests */ = {
			isa = PBXNativeTarget;
			buildConfigurationList = 022E9FFD2208DAE6003245FC /* Build configuration list for PBXNativeTarget "FlixterUITests" */;
			buildPhases = (
				022E9FEA2208DAE6003245FC /* Sources */,
				022E9FEB2208DAE6003245FC /* Frameworks */,
				022E9FEC2208DAE6003245FC /* Resources */,
			);
			buildRules = (
			);
			dependencies = (
				022E9FF02208DAE6003245FC /* PBXTargetDependency */,
			);
			name = FlixterUITests;
			productName = FlixterUITests;
			productReference = 022E9FEE2208DAE6003245FC /* FlixterUITests.xctest */;
			productType = "com.apple.product-type.bundle.ui-testing";
		};
/* End PBXNativeTarget section */

/* Begin PBXProject section */
		022E9FC72208DAE4003245FC /* Project object */ = {
			isa = PBXProject;
			attributes = {
				LastSwiftUpdateCheck = 1010;
				LastUpgradeCheck = 1010;
				ORGANIZATIONNAME = gcapp;
				TargetAttributes = {
					022E9FCE2208DAE4003245FC = {
						CreatedOnToolsVersion = 10.1;
					};
					022E9FE22208DAE6003245FC = {
						CreatedOnToolsVersion = 10.1;
						TestTargetID = 022E9FCE2208DAE4003245FC;
					};
					022E9FED2208DAE6003245FC = {
						CreatedOnToolsVersion = 10.1;
						TestTargetID = 022E9FCE2208DAE4003245FC;
					};
				};
			};
			buildConfigurationList = 022E9FCA2208DAE4003245FC /* Build configuration list for PBXProject "Flixter" */;
			compatibilityVersion = "Xcode 9.3";
			developmentRegion = en;
			hasScannedForEncodings = 0;
			knownRegions = (
				en,
				Base,
			);
			mainGroup = 022E9FC62208DAE4003245FC;
			productRefGroup = 022E9FD02208DAE4003245FC /* Products */;
			projectDirPath = "";
			projectRoot = "";
			targets = (
				022E9FCE2208DAE4003245FC /* Flixter */,
				022E9FE22208DAE6003245FC /* FlixterTests */,
				022E9FED2208DAE6003245FC /* FlixterUITests */,
			);
		};
/* End PBXProject section */

/* Begin PBXResourcesBuildPhase section */
		022E9FCD2208DAE4003245FC /* Resources */ = {
			isa = PBXResourcesBuildPhase;
			buildActionMask = 2147483647;
			files = (
				022E9FDD2208DAE6003245FC /* LaunchScreen.storyboard in Resources */,
				022E9FDA2208DAE6003245FC /* Assets.xcassets in Resources */,
				022E9FD82208DAE4003245FC /* Main.storyboard in Resources */,
			);
			runOnlyForDeploymentPostprocessing = 0;
		};
		022E9FE12208DAE6003245FC /* Resources */ = {
			isa = PBXResourcesBuildPhase;
			buildActionMask = 2147483647;
			files = (
			);
			runOnlyForDeploymentPostprocessing = 0;
		};
		022E9FEC2208DAE6003245FC /* Resources */ = {
			isa = PBXResourcesBuildPhase;
			buildActionMask = 2147483647;
			files = (
			);
			runOnlyForDeploymentPostprocessing = 0;
		};
/* End PBXResourcesBuildPhase section */

/* Begin PBXSourcesBuildPhase section */
		022E9FCB2208DAE4003245FC /* Sources */ = {
			isa = PBXSourcesBuildPhase;
			buildActionMask = 2147483647;
			files = (
				022E9FD32208DAE4003245FC /* AppDelegate.swift in Sources */,
				022EA0012208DCB1003245FC /* MoviesViewController.swift in Sources */,
				022EA0032208E40E003245FC /* MovieCell.swift in Sources */,
			);
			runOnlyForDeploymentPostprocessing = 0;
		};
		022E9FDF2208DAE6003245FC /* Sources */ = {
			isa = PBXSourcesBuildPhase;
			buildActionMask = 2147483647;
			files = (
				022E9FE82208DAE6003245FC /* FlixterTests.swift in Sources */,
			);
			runOnlyForDeploymentPostprocessing = 0;
		};
		022E9FEA2208DAE6003245FC /* Sources */ = {
			isa = PBXSourcesBuildPhase;
			buildActionMask = 2147483647;
			files = (
				022E9FF32208DAE6003245FC /* FlixterUITests.swift in Sources */,
			);
			runOnlyForDeploymentPostprocessing = 0;
		};
/* End PBXSourcesBuildPhase section */

/* Begin PBXTargetDependency section */
		022E9FE52208DAE6003245FC /* PBXTargetDependency */ = {
			isa = PBXTargetDependency;
			target = 022E9FCE2208DAE4003245FC /* Flixter */;
			targetProxy = 022E9FE42208DAE6003245FC /* PBXContainerItemProxy */;
		};
		022E9FF02208DAE6003245FC /* PBXTargetDependency */ = {
			isa = PBXTargetDependency;
			target = 022E9FCE2208DAE4003245FC /* Flixter */;
			targetProxy = 022E9FEF2208DAE6003245FC /* PBXContainerItemProxy */;
		};
/* End PBXTargetDependency section */

/* Begin PBXVariantGroup section */
		022E9FD62208DAE4003245FC /* Main.storyboard */ = {
			isa = PBXVariantGroup;
			children = (
				022E9FD72208DAE4003245FC /* Base */,
			);
			name = Main.storyboard;
			sourceTree = "<group>";
		};
		022E9FDB2208DAE6003245FC /* LaunchScreen.storyboard */ = {
			isa = PBXVariantGroup;
			children = (
				022E9FDC2208DAE6003245FC /* Base */,
			);
			name = LaunchScreen.storyboard;
			sourceTree = "<group>";
		};
/* End PBXVariantGroup section */

/* Begin XCBuildConfiguration section */
		022E9FF52208DAE6003245FC /* Debug */ = {
			isa = XCBuildConfiguration;
			buildSettings = {
				ALWAYS_SEARCH_USER_PATHS = NO;
				CLANG_ANALYZER_NONNULL = YES;
				CLANG_ANALYZER_NUMBER_OBJECT_CONVERSION = YES_AGGRESSIVE;
				CLANG_CXX_LANGUAGE_STANDARD = "gnu++14";
				CLANG_CXX_LIBRARY = "libc++";
				CLANG_ENABLE_MODULES = YES;
				CLANG_ENABLE_OBJC_ARC = YES;
				CLANG_ENABLE_OBJC_WEAK = YES;
				CLANG_WARN_BLOCK_CAPTURE_AUTORELEASING = YES;
				CLANG_WARN_BOOL_CONVERSION = YES;
				CLANG_WARN_COMMA = YES;
				CLANG_WARN_CONSTANT_CONVERSION = YES;
				CLANG_WARN_DEPRECATED_OBJC_IMPLEMENTATIONS = YES;
				CLANG_WARN_DIRECT_OBJC_ISA_USAGE = YES_ERROR;
				CLANG_WARN_DOCUMENTATION_COMMENTS = YES;
				CLANG_WARN_EMPTY_BODY = YES;
				CLANG_WARN_ENUM_CONVERSION = YES;
				CLANG_WARN_INFINITE_RECURSION = YES;
				CLANG_WARN_INT_CONVERSION = YES;
				CLANG_WARN_NON_LITERAL_NULL_CONVERSION = YES;
				CLANG_WARN_OBJC_IMPLICIT_RETAIN_SELF = YES;
				CLANG_WARN_OBJC_LITERAL_CONVERSION = YES;
				CLANG_WARN_OBJC_ROOT_CLASS = YES_ERROR;
				CLANG_WARN_RANGE_LOOP_ANALYSIS = YES;
				CLANG_WARN_STRICT_PROTOTYPES = YES;
				CLANG_WARN_SUSPICIOUS_MOVE = YES;
				CLANG_WARN_UNGUARDED_AVAILABILITY = YES_AGGRESSIVE;
				CLANG_WARN_UNREACHABLE_CODE = YES;
				CLANG_WARN__DUPLICATE_METHOD_MATCH = YES;
				CODE_SIGN_IDENTITY = "iPhone Developer";
				COPY_PHASE_STRIP = NO;
				DEBUG_INFORMATION_FORMAT = dwarf;
				ENABLE_STRICT_OBJC_MSGSEND = YES;
				ENABLE_TESTABILITY = YES;
				GCC_C_LANGUAGE_STANDARD = gnu11;
				GCC_DYNAMIC_NO_PIC = NO;
				GCC_NO_COMMON_BLOCKS = YES;
				GCC_OPTIMIZATION_LEVEL = 0;
				GCC_PREPROCESSOR_DEFINITIONS = (
					"DEBUG=1",
					"$(inherited)",
				);
				GCC_WARN_64_TO_32_BIT_CONVERSION = YES;
				GCC_WARN_ABOUT_RETURN_TYPE = YES_ERROR;
				GCC_WARN_UNDECLARED_SELECTOR = YES;
				GCC_WARN_UNINITIALIZED_AUTOS = YES_AGGRESSIVE;
				GCC_WARN_UNUSED_FUNCTION = YES;
				GCC_WARN_UNUSED_VARIABLE = YES;
				IPHONEOS_DEPLOYMENT_TARGET = 12.1;
				MTL_ENABLE_DEBUG_INFO = INCLUDE_SOURCE;
				MTL_FAST_MATH = YES;
				ONLY_ACTIVE_ARCH = YES;
				SDKROOT = iphoneos;
				SWIFT_ACTIVE_COMPILATION_CONDITIONS = DEBUG;
				SWIFT_OPTIMIZATION_LEVEL = "-Onone";
			};
			name = Debug;
		};
		022E9FF62208DAE6003245FC /* Release */ = {
			isa = XCBuildConfiguration;
			buildSettings = {
				ALWAYS_SEARCH_USER_PATHS = NO;
				CLANG_ANALYZER_NONNULL = YES;
				CLANG_ANALYZER_NUMBER_OBJECT_CONVERSION = YES_AGGRESSIVE;
				CLANG_CXX_LANGUAGE_STANDARD = "gnu++14";
				CLANG_CXX_LIBRARY = "libc++";
				CLANG_ENABLE_MODULES = YES;
				CLANG_ENABLE_OBJC_ARC = YES;
				CLANG_ENABLE_OBJC_WEAK = YES;
				CLANG_WARN_BLOCK_CAPTURE_AUTORELEASING = YES;
				CLANG_WARN_BOOL_CONVERSION = YES;
				CLANG_WARN_COMMA = YES;
				CLANG_WARN_CONSTANT_CONVERSION = YES;
				CLANG_WARN_DEPRECATED_OBJC_IMPLEMENTATIONS = YES;
				CLANG_WARN_DIRECT_OBJC_ISA_USAGE = YES_ERROR;
				CLANG_WARN_DOCUMENTATION_COMMENTS = YES;
				CLANG_WARN_EMPTY_BODY = YES;
				CLANG_WARN_ENUM_CONVERSION = YES;
				CLANG_WARN_INFINITE_RECURSION = YES;
				CLANG_WARN_INT_CONVERSION = YES;
				CLANG_WARN_NON_LITERAL_NULL_CONVERSION = YES;
				CLANG_WARN_OBJC_IMPLICIT_RETAIN_SELF = YES;
				CLANG_WARN_OBJC_LITERAL_CONVERSION = YES;
				CLANG_WARN_OBJC_ROOT_CLASS = YES_ERROR;
				CLANG_WARN_RANGE_LOOP_ANALYSIS = YES;
				CLANG_WARN_STRICT_PROTOTYPES = YES;
				CLANG_WARN_SUSPICIOUS_MOVE = YES;
				CLANG_WARN_UNGUARDED_AVAILABILITY = YES_AGGRESSIVE;
				CLANG_WARN_UNREACHABLE_CODE = YES;
				CLANG_WARN__DUPLICATE_METHOD_MATCH = YES;
				CODE_SIGN_IDENTITY = "iPhone Developer";
				COPY_PHASE_STRIP = NO;
				DEBUG_INFORMATION_FORMAT = "dwarf-with-dsym";
				ENABLE_NS_ASSERTIONS = NO;
				ENABLE_STRICT_OBJC_MSGSEND = YES;
				GCC_C_LANGUAGE_STANDARD = gnu11;
				GCC_NO_COMMON_BLOCKS = YES;
				GCC_WARN_64_TO_32_BIT_CONVERSION = YES;
				GCC_WARN_ABOUT_RETURN_TYPE = YES_ERROR;
				GCC_WARN_UNDECLARED_SELECTOR = YES;
				GCC_WARN_UNINITIALIZED_AUTOS = YES_AGGRESSIVE;
				GCC_WARN_UNUSED_FUNCTION = YES;
				GCC_WARN_UNUSED_VARIABLE = YES;
				IPHONEOS_DEPLOYMENT_TARGET = 12.1;
				MTL_ENABLE_DEBUG_INFO = NO;
				MTL_FAST_MATH = YES;
				SDKROOT = iphoneos;
				SWIFT_COMPILATION_MODE = wholemodule;
				SWIFT_OPTIMIZATION_LEVEL = "-O";
				VALIDATE_PRODUCT = YES;
			};
			name = Release;
		};
		022E9FF82208DAE6003245FC /* Debug */ = {
			isa = XCBuildConfiguration;
			buildSettings = {
				ASSETCATALOG_COMPILER_APPICON_NAME = AppIcon;
				CODE_SIGN_STYLE = Automatic;
				INFOPLIST_FILE = Flixter/Info.plist;
				LD_RUNPATH_SEARCH_PATHS = (
					"$(inherited)",
					"@executable_path/Frameworks",
				);
				PRODUCT_BUNDLE_IDENTIFIER = gcapp.Flixter;
				PRODUCT_NAME = "$(TARGET_NAME)";
				SWIFT_VERSION = 4.2;
				TARGETED_DEVICE_FAMILY = "1,2";
			};
			name = Debug;
		};
		022E9FF92208DAE6003245FC /* Release */ = {
			isa = XCBuildConfiguration;
			buildSettings = {
				ASSETCATALOG_COMPILER_APPICON_NAME = AppIcon;
				CODE_SIGN_STYLE = Automatic;
				INFOPLIST_FILE = Flixter/Info.plist;
				LD_RUNPATH_SEARCH_PATHS = (
					"$(inherited)",
					"@executable_path/Frameworks",
				);
				PRODUCT_BUNDLE_IDENTIFIER = gcapp.Flixter;
				PRODUCT_NAME = "$(TARGET_NAME)";
				SWIFT_VERSION = 4.2;
				TARGETED_DEVICE_FAMILY = "1,2";
			};
			name = Release;
		};
		022E9FFB2208DAE6003245FC /* Debug */ = {
			isa = XCBuildConfiguration;
			buildSettings = {
				ALWAYS_EMBED_SWIFT_STANDARD_LIBRARIES = YES;
				BUNDLE_LOADER = "$(TEST_HOST)";
				CODE_SIGN_STYLE = Automatic;
				INFOPLIST_FILE = FlixterTests/Info.plist;
				LD_RUNPATH_SEARCH_PATHS = (
					"$(inherited)",
					"@executable_path/Frameworks",
					"@loader_path/Frameworks",
				);
				PRODUCT_BUNDLE_IDENTIFIER = gcapp.FlixterTests;
				PRODUCT_NAME = "$(TARGET_NAME)";
				SWIFT_VERSION = 4.2;
				TARGETED_DEVICE_FAMILY = "1,2";
				TEST_HOST = "$(BUILT_PRODUCTS_DIR)/Flixter.app/Flixter";
			};
			name = Debug;
		};
		022E9FFC2208DAE6003245FC /* Release */ = {
			isa = XCBuildConfiguration;
			buildSettings = {
				ALWAYS_EMBED_SWIFT_STANDARD_LIBRARIES = YES;
				BUNDLE_LOADER = "$(TEST_HOST)";
				CODE_SIGN_STYLE = Automatic;
				INFOPLIST_FILE = FlixterTests/Info.plist;
				LD_RUNPATH_SEARCH_PATHS = (
					"$(inherited)",
					"@executable_path/Frameworks",
					"@loader_path/Frameworks",
				);
				PRODUCT_BUNDLE_IDENTIFIER = gcapp.FlixterTests;
				PRODUCT_NAME = "$(TARGET_NAME)";
				SWIFT_VERSION = 4.2;
				TARGETED_DEVICE_FAMILY = "1,2";
				TEST_HOST = "$(BUILT_PRODUCTS_DIR)/Flixter.app/Flixter";
			};
			name = Release;
		};
		022E9FFE2208DAE6003245FC /* Debug */ = {
			isa = XCBuildConfiguration;
			buildSettings = {
				ALWAYS_EMBED_SWIFT_STANDARD_LIBRARIES = YES;
				CODE_SIGN_STYLE = Automatic;
				INFOPLIST_FILE = FlixterUITests/Info.plist;
				LD_RUNPATH_SEARCH_PATHS = (
					"$(inherited)",
					"@executable_path/Frameworks",
					"@loader_path/Frameworks",
				);
				PRODUCT_BUNDLE_IDENTIFIER = gcapp.FlixterUITests;
				PRODUCT_NAME = "$(TARGET_NAME)";
				SWIFT_VERSION = 4.2;
				TARGETED_DEVICE_FAMILY = "1,2";
				TEST_TARGET_NAME = Flixter;
			};
			name = Debug;
		};
		022E9FFF2208DAE6003245FC /* Release */ = {
			isa = XCBuildConfiguration;
			buildSettings = {
				ALWAYS_EMBED_SWIFT_STANDARD_LIBRARIES = YES;
				CODE_SIGN_STYLE = Automatic;
				INFOPLIST_FILE = FlixterUITests/Info.plist;
				LD_RUNPATH_SEARCH_PATHS = (
					"$(inherited)",
					"@executable_path/Frameworks",
					"@loader_path/Frameworks",
				);
				PRODUCT_BUNDLE_IDENTIFIER = gcapp.FlixterUITests;
				PRODUCT_NAME = "$(TARGET_NAME)";
				SWIFT_VERSION = 4.2;
				TARGETED_DEVICE_FAMILY = "1,2";
				TEST_TARGET_NAME = Flixter;
			};
			name = Release;
		};
/* End XCBuildConfiguration section */

/* Begin XCConfigurationList section */
		022E9FCA2208DAE4003245FC /* Build configuration list for PBXProject "Flixter" */ = {
			isa = XCConfigurationList;
			buildConfigurations = (
				022E9FF52208DAE6003245FC /* Debug */,
				022E9FF62208DAE6003245FC /* Release */,
			);
			defaultConfigurationIsVisible = 0;
			defaultConfigurationName = Release;
		};
		022E9FF72208DAE6003245FC /* Build configuration list for PBXNativeTarget "Flixter" */ = {
			isa = XCConfigurationList;
			buildConfigurations = (
				022E9FF82208DAE6003245FC /* Debug */,
				022E9FF92208DAE6003245FC /* Release */,
			);
			defaultConfigurationIsVisible = 0;
			defaultConfigurationName = Release;
		};
		022E9FFA2208DAE6003245FC /* Build configuration list for PBXNativeTarget "FlixterTests" */ = {
			isa = XCConfigurationList;
			buildConfigurations = (
				022E9FFB2208DAE6003245FC /* Debug */,
				022E9FFC2208DAE6003245FC /* Release */,
			);
			defaultConfigurationIsVisible = 0;
			defaultConfigurationName = Release;
		};
		022E9FFD2208DAE6003245FC /* Build configuration list for PBXNativeTarget "FlixterUITests" */ = {
			isa = XCConfigurationList;
			buildConfigurations = (
				022E9FFE2208DAE6003245FC /* Debug */,
				022E9FFF2208DAE6003245FC /* Release */,
			);
			defaultConfigurationIsVisible = 0;
			defaultConfigurationName = Release;
		};
/* End XCConfigurationList section */
	};
	rootObject = 022E9FC72208DAE4003245FC /* Project object */;
}
